
Microsoft Visual Studio Solution File, Format Version 12.00
# Visual Studio 15
VisualStudioVersion = 15.0.27428.2005
MinimumVisualStudioVersion = 10.0.40219.1
Project("{FAE04EC0-301F-11D3-BF4B-00C04F79EFBC}") = "BeautySaloon", "BeautySaloon\BeautySaloon.csproj", "{C253AC39-0397-4212-988F-A7B6160EF260}"
EndProject
Global
	GlobalSection(SolutionConfigurationPlatforms) = preSolution
		Debug|Any CPU = Debug|Any CPU
		Release|Any CPU = Release|Any CPU
	EndGlobalSection
	GlobalSection(ProjectConfigurationPlatforms) = postSolution
		{C253AC39-0397-4212-988F-A7B6160EF260}.Debug|Any CPU.ActiveCfg = Debug|Any CPU
		{C253AC39-0397-4212-988F-A7B6160EF260}.Debug|Any CPU.Build.0 = Debug|Any CPU
		{C253AC39-0397-4212-988F-A7B6160EF260}.Release|Any CPU.ActiveCfg = Release|Any CPU
		{C253AC39-0397-4212-988F-A7B6160EF260}.Release|Any CPU.Build.0 = Release|Any CPU
	EndGlobalSection
	GlobalSection(SolutionProperties) = preSolution
		HideSolutionNode = FALSE
	EndGlobalSection
	GlobalSection(ExtensibilityGlobals) = postSolution
		SolutionGuid = {82A62059-7172-4E10-A0D7-3B7790E64956}
	EndGlobalSection
EndGlobal
